
Microsoft Visual Studio Solution File, Format Version 12.00
# Visual Studio Version 16
VisualStudioVersion = 16.0.30011.22
MinimumVisualStudioVersion = 10.0.40219.1
Project("{F184B08F-C81C-45F6-A57F-5ABD9991F28F}") = "SkinCareCEnew", "SkinCareCEnew.vbproj", "{50883A37-DE86-483B-B303-F7A1573A2CE8}"
EndProject
Global
	GlobalSection(SolutionConfigurationPlatforms) = preSolution
		Debug|Any CPU = Debug|Any CPU
		Release|Any CPU = Release|Any CPU
	EndGlobalSection
	GlobalSection(ProjectConfigurationPlatforms) = postSolution
		{50883A37-DE86-483B-B303-F7A1573A2CE8}.Debug|Any CPU.ActiveCfg = Debug|Any CPU
		{50883A37-DE86-483B-B303-F7A1573A2CE8}.Debug|Any CPU.Build.0 = Debug|Any CPU
		{50883A37-DE86-483B-B303-F7A1573A2CE8}.Debug|Any CPU.Deploy.0 = Debug|Any CPU
		{50883A37-DE86-483B-B303-F7A1573A2CE8}.Release|Any CPU.ActiveCfg = Release|Any CPU
		{50883A37-DE86-483B-B303-F7A1573A2CE8}.Release|Any CPU.Build.0 = Release|Any CPU
		{50883A37-DE86-483B-B303-F7A1573A2CE8}.Release|Any CPU.Deploy.0 = Release|Any CPU
	EndGlobalSection
	GlobalSection(SolutionProperties) = preSolution
		HideSolutionNode = FALSE
	EndGlobalSection
	GlobalSection(ExtensibilityGlobals) = postSolution
		SolutionGuid = {24D87F67-66A0-4A4B-AF1B-A17F5BDC3623}
	EndGlobalSection
EndGlobal
